// !$*UTF8*$!
{
	archiveVersion = 1;
	classes = {
	};
	objectVersion = 54;
	objects = {

/* Begin PBXBuildFile section */
		2D1F468B254DB131007DF81D /* AppDelegate.swift in Sources */ = {isa = PBXBuildFile; fileRef = 2D1F468A254DB131007DF81D /* AppDelegate.swift */; };
		2D1F468D254DB131007DF81D /* SceneDelegate.swift in Sources */ = {isa = PBXBuildFile; fileRef = 2D1F468C254DB131007DF81D /* SceneDelegate.swift */; };
		2D1F4692254DB131007DF81D /* Main.storyboard in Resources */ = {isa = PBXBuildFile; fileRef = 2D1F4690254DB131007DF81D /* Main.storyboard */; };
		2D1F4694254DB138007DF81D /* Assets.xcassets in Resources */ = {isa = PBXBuildFile; fileRef = 2D1F4693254DB138007DF81D /* Assets.xcassets */; };
		2D1F4697254DB138007DF81D /* LaunchScreen.storyboard in Resources */ = {isa = PBXBuildFile; fileRef = 2D1F4695254DB138007DF81D /* LaunchScreen.storyboard */; };
		2D1F46A0254DB2C6007DF81D /* LoginView.swift in Sources */ = {isa = PBXBuildFile; fileRef = 2D1F469F254DB2C6007DF81D /* LoginView.swift */; };
		2D3DDF1D25545CA600151218 /* UserManager.swift in Sources */ = {isa = PBXBuildFile; fileRef = 2D3DDF1C25545CA600151218 /* UserManager.swift */; };
		2D504CF9255316ED00FC7552 /* TabViewController.swift in Sources */ = {isa = PBXBuildFile; fileRef = 2D504CF8255316ED00FC7552 /* TabViewController.swift */; };
		2D504CFC25532AC000FC7552 /* CollectionViewCell.swift in Sources */ = {isa = PBXBuildFile; fileRef = 2D504CFB25532ABF00FC7552 /* CollectionViewCell.swift */; };
		2D504D092553314600FC7552 /* NewsCollection.swift in Sources */ = {isa = PBXBuildFile; fileRef = 2D504D082553314600FC7552 /* NewsCollection.swift */; };
		2D504D0E25533AAD00FC7552 /* Article.swift in Sources */ = {isa = PBXBuildFile; fileRef = 2D504D0D25533AAD00FC7552 /* Article.swift */; };
		2D504D1225535F2F00FC7552 /* TableCases.swift in Sources */ = {isa = PBXBuildFile; fileRef = 2D504D1125535F2E00FC7552 /* TableCases.swift */; };
		2D504D1A2553615B00FC7552 /* TableCasesCell.swift in Sources */ = {isa = PBXBuildFile; fileRef = 2D504D182553615B00FC7552 /* TableCasesCell.swift */; };
		2D504D1E2553618D00FC7552 /* Country.swift in Sources */ = {isa = PBXBuildFile; fileRef = 2D504D1D2553618D00FC7552 /* Country.swift */; };
		2D504D272553814A00FC7552 /* InfoView.swift in Sources */ = {isa = PBXBuildFile; fileRef = 2D504D262553814A00FC7552 /* InfoView.swift */; };
		2D5A086E254F433400E2C186 /* Profile.swift in Sources */ = {isa = PBXBuildFile; fileRef = 2D5A086C254F433400E2C186 /* Profile.swift */; };
		547F286EA5466C8FE59A2A5F /* Pods_CoronaProject1.framework in Frameworks */ = {isa = PBXBuildFile; fileRef = 20FEE036B09B94B01B763519 /* Pods_CoronaProject1.framework */; };
		B335748F2573F59C006F0808 /* GoogleService-Info.plist in Resources */ = {isa = PBXBuildFile; fileRef = B335748E2573F59C006F0808 /* GoogleService-Info.plist */; };
		B360D9F225754EC300F392F6 /* WebViewController.swift in Sources */ = {isa = PBXBuildFile; fileRef = B360D9F125754EC300F392F6 /* WebViewController.swift */; };
/* End PBXBuildFile section */

/* Begin PBXFileReference section */
		026F1953BD550A6EA018B0D0 /* Pods-CoronaProject1.release.xcconfig */ = {isa = PBXFileReference; includeInIndex = 1; lastKnownFileType = text.xcconfig; name = "Pods-CoronaProject1.release.xcconfig"; path = "Target Support Files/Pods-CoronaProject1/Pods-CoronaProject1.release.xcconfig"; sourceTree = "<group>"; };
		20FEE036B09B94B01B763519 /* Pods_CoronaProject1.framework */ = {isa = PBXFileReference; explicitFileType = wrapper.framework; includeInIndex = 0; path = Pods_CoronaProject1.framework; sourceTree = BUILT_PRODUCTS_DIR; };
		2D1F4687254DB131007DF81D /* CoronaProject1.app */ = {isa = PBXFileReference; explicitFileType = wrapper.application; includeInIndex = 0; path = CoronaProject1.app; sourceTree = BUILT_PRODUCTS_DIR; };
		2D1F468A254DB131007DF81D /* AppDelegate.swift */ = {isa = PBXFileReference; lastKnownFileType = sourcecode.swift; path = AppDelegate.swift; sourceTree = "<group>"; };
		2D1F468C254DB131007DF81D /* SceneDelegate.swift */ = {isa = PBXFileReference; lastKnownFileType = sourcecode.swift; path = SceneDelegate.swift; sourceTree = "<group>"; };
		2D1F4691254DB131007DF81D /* Base */ = {isa = PBXFileReference; lastKnownFileType = file.storyboard; name = Base; path = Base.lproj/Main.storyboard; sourceTree = "<group>"; };
		2D1F4693254DB138007DF81D /* Assets.xcassets */ = {isa = PBXFileReference; lastKnownFileType = folder.assetcatalog; path = Assets.xcassets; sourceTree = "<group>"; };
		2D1F4696254DB138007DF81D /* Base */ = {isa = PBXFileReference; lastKnownFileType = file.storyboard; name = Base; path = Base.lproj/LaunchScreen.storyboard; sourceTree = "<group>"; };
		2D1F4698254DB138007DF81D /* Info.plist */ = {isa = PBXFileReference; lastKnownFileType = text.plist.xml; path = Info.plist; sourceTree = "<group>"; };
		2D1F469F254DB2C6007DF81D /* LoginView.swift */ = {isa = PBXFileReference; lastKnownFileType = sourcecode.swift; path = LoginView.swift; sourceTree = "<group>"; };
		2D3DDF1C25545CA600151218 /* UserManager.swift */ = {isa = PBXFileReference; lastKnownFileType = sourcecode.swift; path = UserManager.swift; sourceTree = "<group>"; };
		2D504CF8255316ED00FC7552 /* TabViewController.swift */ = {isa = PBXFileReference; lastKnownFileType = sourcecode.swift; path = TabViewController.swift; sourceTree = "<group>"; };
		2D504CFB25532ABF00FC7552 /* CollectionViewCell.swift */ = {isa = PBXFileReference; lastKnownFileType = sourcecode.swift; path = CollectionViewCell.swift; sourceTree = "<group>"; };
		2D504D082553314600FC7552 /* NewsCollection.swift */ = {isa = PBXFileReference; lastKnownFileType = sourcecode.swift; path = NewsCollection.swift; sourceTree = "<group>"; };
		2D504D0D25533AAD00FC7552 /* Article.swift */ = {isa = PBXFileReference; lastKnownFileType = sourcecode.swift; path = Article.swift; sourceTree = "<group>"; };
		2D504D1125535F2E00FC7552 /* TableCases.swift */ = {isa = PBXFileReference; lastKnownFileType = sourcecode.swift; path = TableCases.swift; sourceTree = "<group>"; };
		2D504D182553615B00FC7552 /* TableCasesCell.swift */ = {isa = PBXFileReference; lastKnownFileType = sourcecode.swift; path = TableCasesCell.swift; sourceTree = "<group>"; };
		2D504D1D2553618D00FC7552 /* Country.swift */ = {isa = PBXFileReference; lastKnownFileType = sourcecode.swift; path = Country.swift; sourceTree = "<group>"; };
		2D504D262553814A00FC7552 /* InfoView.swift */ = {isa = PBXFileReference; lastKnownFileType = sourcecode.swift; path = InfoView.swift; sourceTree = "<group>"; };
		2D5A086C254F433400E2C186 /* Profile.swift */ = {isa = PBXFileReference; lastKnownFileType = sourcecode.swift; path = Profile.swift; sourceTree = "<group>"; };
		7632581A14D73360FDECFC3B /* Pods-CoronaProject1.debug.xcconfig */ = {isa = PBXFileReference; includeInIndex = 1; lastKnownFileType = text.xcconfig; name = "Pods-CoronaProject1.debug.xcconfig"; path = "Target Support Files/Pods-CoronaProject1/Pods-CoronaProject1.debug.xcconfig"; sourceTree = "<group>"; };
		B335748E2573F59C006F0808 /* GoogleService-Info.plist */ = {isa = PBXFileReference; fileEncoding = 4; lastKnownFileType = text.plist.xml; path = "GoogleService-Info.plist"; sourceTree = "<group>"; };
		B360D9F125754EC300F392F6 /* WebViewController.swift */ = {isa = PBXFileReference; lastKnownFileType = sourcecode.swift; path = WebViewController.swift; sourceTree = "<group>"; };
/* End PBXFileReference section */

/* Begin PBXFrameworksBuildPhase section */
		2D1F4684254DB131007DF81D /* Frameworks */ = {
			isa = PBXFrameworksBuildPhase;
			buildActionMask = 2147483647;
			files = (
				547F286EA5466C8FE59A2A5F /* Pods_CoronaProject1.framework in Frameworks */,
			);
			runOnlyForDeploymentPostprocessing = 0;
		};
/* End PBXFrameworksBuildPhase section */

/* Begin PBXGroup section */
		2D1F467E254DB131007DF81D = {
			isa = PBXGroup;
			children = (
				2D1F4689254DB131007DF81D /* CoronaProject1 */,
				2D1F4688254DB131007DF81D /* Products */,
				74114CFF42E4CD9119102007 /* Pods */,
				33485943F63D026C8A2140E4 /* Frameworks */,
			);
			sourceTree = "<group>";
		};
		2D1F4688254DB131007DF81D /* Products */ = {
			isa = PBXGroup;
			children = (
				2D1F4687254DB131007DF81D /* CoronaProject1.app */,
			);
			name = Products;
			sourceTree = "<group>";
		};
		2D1F4689254DB131007DF81D /* CoronaProject1 */ = {
			isa = PBXGroup;
			children = (
				2D1F468A254DB131007DF81D /* AppDelegate.swift */,
				2D1F468C254DB131007DF81D /* SceneDelegate.swift */,
				2D7BE92F2561A6DB00013E37 /* Login */,
				2D7BE92E2561A6B700013E37 /* Profile */,
				2D7BE92B2561A5DD00013E37 /* TabBarViewController */,
				2D7BE9252561A54A00013E37 /* NewsPack */,
				2D7BE9262561A57D00013E37 /* Cases */,
				2D1F4690254DB131007DF81D /* Main.storyboard */,
				2D1F4693254DB138007DF81D /* Assets.xcassets */,
				2D1F4695254DB138007DF81D /* LaunchScreen.storyboard */,
				B335748E2573F59C006F0808 /* GoogleService-Info.plist */,
				2D1F4698254DB138007DF81D /* Info.plist */,
			);
			path = CoronaProject1;
			sourceTree = "<group>";
		};
		2D7BE9252561A54A00013E37 /* NewsPack */ = {
			isa = PBXGroup;
			children = (
				2D504D082553314600FC7552 /* NewsCollection.swift */,
				2D504CFB25532ABF00FC7552 /* CollectionViewCell.swift */,
				2D504D0D25533AAD00FC7552 /* Article.swift */,
				B360D9F125754EC300F392F6 /* WebViewController.swift */,
			);
			path = NewsPack;
			sourceTree = "<group>";
		};
		2D7BE9262561A57D00013E37 /* Cases */ = {
			isa = PBXGroup;
			children = (
				2D504D1125535F2E00FC7552 /* TableCases.swift */,
				2D504D182553615B00FC7552 /* TableCasesCell.swift */,
				2D504D1D2553618D00FC7552 /* Country.swift */,
				2D504D262553814A00FC7552 /* InfoView.swift */,
			);
			path = Cases;
			sourceTree = "<group>";
		};
		2D7BE92B2561A5DD00013E37 /* TabBarViewController */ = {
			isa = PBXGroup;
			children = (
				2D504CF8255316ED00FC7552 /* TabViewController.swift */,
			);
			path = TabBarViewController;
			sourceTree = "<group>";
		};
		2D7BE92E2561A6B700013E37 /* Profile */ = {
			isa = PBXGroup;
			children = (
				2D3DDF1C25545CA600151218 /* UserManager.swift */,
				2D5A086C254F433400E2C186 /* Profile.swift */,
			);
			path = Profile;
			sourceTree = "<group>";
		};
		2D7BE92F2561A6DB00013E37 /* Login */ = {
			isa = PBXGroup;
			children = (
				2D1F469F254DB2C6007DF81D /* LoginView.swift */,
			);
			path = Login;
			sourceTree = "<group>";
		};
		33485943F63D026C8A2140E4 /* Frameworks */ = {
			isa = PBXGroup;
			children = (
				20FEE036B09B94B01B763519 /* Pods_CoronaProject1.framework */,
			);
			name = Frameworks;
			sourceTree = "<group>";
		};
		74114CFF42E4CD9119102007 /* Pods */ = {
			isa = PBXGroup;
			children = (
				7632581A14D73360FDECFC3B /* Pods-CoronaProject1.debug.xcconfig */,
				026F1953BD550A6EA018B0D0 /* Pods-CoronaProject1.release.xcconfig */,
			);
			path = Pods;
			sourceTree = "<group>";
		};
/* End PBXGroup section */

/* Begin PBXNativeTarget section */
		2D1F4686254DB131007DF81D /* CoronaProject1 */ = {
			isa = PBXNativeTarget;
			buildConfigurationList = 2D1F469B254DB138007DF81D /* Build configuration list for PBXNativeTarget "CoronaProject1" */;
			buildPhases = (
				0E2FDF0AFC3785EB83A31883 /* [CP] Check Pods Manifest.lock */,
				2D1F4683254DB131007DF81D /* Sources */,
				2D1F4684254DB131007DF81D /* Frameworks */,
				2D1F4685254DB131007DF81D /* Resources */,
				A06FF58DF924BAD277096DCB /* [CP] Embed Pods Frameworks */,
				B33AE966257AF878002D4B79 /* Crashlytics */,
			);
			buildRules = (
			);
			dependencies = (
			);
			name = CoronaProject1;
			productName = CoronaProject1;
			productReference = 2D1F4687254DB131007DF81D /* CoronaProject1.app */;
			productType = "com.apple.product-type.application";
		};
/* End PBXNativeTarget section */

/* Begin PBXProject section */
		2D1F467F254DB131007DF81D /* Project object */ = {
			isa = PBXProject;
			attributes = {
				LastSwiftUpdateCheck = 1210;
				LastUpgradeCheck = 1210;
				TargetAttributes = {
					2D1F4686254DB131007DF81D = {
						CreatedOnToolsVersion = 12.1;
					};
				};
			};
			buildConfigurationList = 2D1F4682254DB131007DF81D /* Build configuration list for PBXProject "CoronaProject1" */;
			compatibilityVersion = "Xcode 12.0";
			developmentRegion = en;
			hasScannedForEncodings = 0;
			knownRegions = (
				en,
				Base,
			);
			mainGroup = 2D1F467E254DB131007DF81D;
			productRefGroup = 2D1F4688254DB131007DF81D /* Products */;
			projectDirPath = "";
			projectRoot = "";
			targets = (
				2D1F4686254DB131007DF81D /* CoronaProject1 */,
			);
		};
/* End PBXProject section */

/* Begin PBXResourcesBuildPhase section */
		2D1F4685254DB131007DF81D /* Resources */ = {
			isa = PBXResourcesBuildPhase;
			buildActionMask = 2147483647;
			files = (
				2D1F4697254DB138007DF81D /* LaunchScreen.storyboard in Resources */,
				B335748F2573F59C006F0808 /* GoogleService-Info.plist in Resources */,
				2D1F4694254DB138007DF81D /* Assets.xcassets in Resources */,
				2D1F4692254DB131007DF81D /* Main.storyboard in Resources */,
			);
			runOnlyForDeploymentPostprocessing = 0;
		};
/* End PBXResourcesBuildPhase section */

/* Begin PBXShellScriptBuildPhase section */
		0E2FDF0AFC3785EB83A31883 /* [CP] Check Pods Manifest.lock */ = {
			isa = PBXShellScriptBuildPhase;
			buildActionMask = 2147483647;
			files = (
			);
			inputFileListPaths = (
			);
			inputPaths = (
				"${PODS_PODFILE_DIR_PATH}/Podfile.lock",
				"${PODS_ROOT}/Manifest.lock",
			);
			name = "[CP] Check Pods Manifest.lock";
			outputFileListPaths = (
			);
			outputPaths = (
				"$(DERIVED_FILE_DIR)/Pods-CoronaProject1-checkManifestLockResult.txt",
			);
			runOnlyForDeploymentPostprocessing = 0;
			shellPath = /bin/sh;
			shellScript = "diff \"${PODS_PODFILE_DIR_PATH}/Podfile.lock\" \"${PODS_ROOT}/Manifest.lock\" > /dev/null\nif [ $? != 0 ] ; then\n    # print error to STDERR\n    echo \"error: The sandbox is not in sync with the Podfile.lock. Run 'pod install' or update your CocoaPods installation.\" >&2\n    exit 1\nfi\n# This output is used by Xcode 'outputs' to avoid re-running this script phase.\necho \"SUCCESS\" > \"${SCRIPT_OUTPUT_FILE_0}\"\n";
			showEnvVarsInLog = 0;
		};
		A06FF58DF924BAD277096DCB /* [CP] Embed Pods Frameworks */ = {
			isa = PBXShellScriptBuildPhase;
			buildActionMask = 2147483647;
			files = (
			);
			inputFileListPaths = (
				"${PODS_ROOT}/Target Support Files/Pods-CoronaProject1/Pods-CoronaProject1-frameworks-${CONFIGURATION}-input-files.xcfilelist",
			);
			name = "[CP] Embed Pods Frameworks";
			outputFileListPaths = (
				"${PODS_ROOT}/Target Support Files/Pods-CoronaProject1/Pods-CoronaProject1-frameworks-${CONFIGURATION}-output-files.xcfilelist",
			);
			runOnlyForDeploymentPostprocessing = 0;
			shellPath = /bin/sh;
			shellScript = "\"${PODS_ROOT}/Target Support Files/Pods-CoronaProject1/Pods-CoronaProject1-frameworks.sh\"\n";
			showEnvVarsInLog = 0;
		};
		B33AE966257AF878002D4B79 /* Crashlytics */ = {
			isa = PBXShellScriptBuildPhase;
			buildActionMask = 2147483647;
			files = (
			);
			inputFileListPaths = (
			);
			inputPaths = (
				"${DWARF_DSYM_FOLDER_PATH}/${DWARF_DSYM_FILE_NAME}/Contents/Resources/DWARF/${TARGET_NAME}",
				"$(SRCROOT)/$(BUILT_PRODUCTS_DIR)/$(INFOPLIST_PATH)",
			);
			name = Crashlytics;
			outputFileListPaths = (
			);
			outputPaths = (
			);
			runOnlyForDeploymentPostprocessing = 0;
			shellPath = /bin/sh;
			shellScript = "\"${PODS_ROOT}/FirebaseCrashlytics/run\"\n";
		};
/* End PBXShellScriptBuildPhase section */

/* Begin PBXSourcesBuildPhase section */
		2D1F4683254DB131007DF81D /* Sources */ = {
			isa = PBXSourcesBuildPhase;
			buildActionMask = 2147483647;
			files = (
				2D504D092553314600FC7552 /* NewsCollection.swift in Sources */,
				2D1F468B254DB131007DF81D /* AppDelegate.swift in Sources */,
				2D504D1A2553615B00FC7552 /* TableCasesCell.swift in Sources */,
				2D3DDF1D25545CA600151218 /* UserManager.swift in Sources */,
				2D504D0E25533AAD00FC7552 /* Article.swift in Sources */,
				2D504D272553814A00FC7552 /* InfoView.swift in Sources */,
				2D5A086E254F433400E2C186 /* Profile.swift in Sources */,
				2D504CFC25532AC000FC7552 /* CollectionViewCell.swift in Sources */,
				2D1F46A0254DB2C6007DF81D /* LoginView.swift in Sources */,
				2D504D1E2553618D00FC7552 /* Country.swift in Sources */,
				2D504D1225535F2F00FC7552 /* TableCases.swift in Sources */,
				B360D9F225754EC300F392F6 /* WebViewController.swift in Sources */,
				2D1F468D254DB131007DF81D /* SceneDelegate.swift in Sources */,
				2D504CF9255316ED00FC7552 /* TabViewController.swift in Sources */,
			);
			runOnlyForDeploymentPostprocessing = 0;
		};
/* End PBXSourcesBuildPhase section */

/* Begin PBXVariantGroup section */
		2D1F4690254DB131007DF81D /* Main.storyboard */ = {
			isa = PBXVariantGroup;
			children = (
				2D1F4691254DB131007DF81D /* Base */,
			);
			name = Main.storyboard;
			sourceTree = "<group>";
		};
		2D1F4695254DB138007DF81D /* LaunchScreen.storyboard */ = {
			isa = PBXVariantGroup;
			children = (
				2D1F4696254DB138007DF81D /* Base */,
			);
			name = LaunchScreen.storyboard;
			sourceTree = "<group>";
		};
/* End PBXVariantGroup section */

/* Begin XCBuildConfiguration section */
		2D1F4699254DB138007DF81D /* Debug */ = {
			isa = XCBuildConfiguration;
			buildSettings = {
				ALWAYS_SEARCH_USER_PATHS = NO;
				CLANG_ANALYZER_NONNULL = YES;
				CLANG_ANALYZER_NUMBER_OBJECT_CONVERSION = YES_AGGRESSIVE;
				CLANG_CXX_LANGUAGE_STANDARD = "gnu++14";
				CLANG_CXX_LIBRARY = "libc++";
				CLANG_ENABLE_MODULES = YES;
				CLANG_ENABLE_OBJC_ARC = YES;
				CLANG_ENABLE_OBJC_WEAK = YES;
				CLANG_WARN_BLOCK_CAPTURE_AUTORELEASING = YES;
				CLANG_WARN_BOOL_CONVERSION = YES;
				CLANG_WARN_COMMA = YES;
				CLANG_WARN_CONSTANT_CONVERSION = YES;
				CLANG_WARN_DEPRECATED_OBJC_IMPLEMENTATIONS = YES;
				CLANG_WARN_DIRECT_OBJC_ISA_USAGE = YES_ERROR;
				CLANG_WARN_DOCUMENTATION_COMMENTS = YES;
				CLANG_WARN_EMPTY_BODY = YES;
				CLANG_WARN_ENUM_CONVERSION = YES;
				CLANG_WARN_INFINITE_RECURSION = YES;
				CLANG_WARN_INT_CONVERSION = YES;
				CLANG_WARN_NON_LITERAL_NULL_CONVERSION = YES;
				CLANG_WARN_OBJC_IMPLICIT_RETAIN_SELF = YES;
				CLANG_WARN_OBJC_LITERAL_CONVERSION = YES;
				CLANG_WARN_OBJC_ROOT_CLASS = YES_ERROR;
				CLANG_WARN_QUOTED_INCLUDE_IN_FRAMEWORK_HEADER = YES;
				CLANG_WARN_RANGE_LOOP_ANALYSIS = YES;
				CLANG_WARN_STRICT_PROTOTYPES = YES;
				CLANG_WARN_SUSPICIOUS_MOVE = YES;
				CLANG_WARN_UNGUARDED_AVAILABILITY = YES_AGGRESSIVE;
				CLANG_WARN_UNREACHABLE_CODE = YES;
				CLANG_WARN__DUPLICATE_METHOD_MATCH = YES;
				COPY_PHASE_STRIP = NO;
				DEBUG_INFORMATION_FORMAT = dwarf;
				ENABLE_STRICT_OBJC_MSGSEND = YES;
				ENABLE_TESTABILITY = YES;
				GCC_C_LANGUAGE_STANDARD = gnu11;
				GCC_DYNAMIC_NO_PIC = NO;
				GCC_NO_COMMON_BLOCKS = YES;
				GCC_OPTIMIZATION_LEVEL = 0;
				GCC_PREPROCESSOR_DEFINITIONS = (
					"DEBUG=1",
					"$(inherited)",
				);
				GCC_WARN_64_TO_32_BIT_CONVERSION = YES;
				GCC_WARN_ABOUT_RETURN_TYPE = YES_ERROR;
				GCC_WARN_UNDECLARED_SELECTOR = YES;
				GCC_WARN_UNINITIALIZED_AUTOS = YES_AGGRESSIVE;
				GCC_WARN_UNUSED_FUNCTION = YES;
				GCC_WARN_UNUSED_VARIABLE = YES;
				IPHONEOS_DEPLOYMENT_TARGET = 14.1;
				MTL_ENABLE_DEBUG_INFO = INCLUDE_SOURCE;
				MTL_FAST_MATH = YES;
				ONLY_ACTIVE_ARCH = YES;
				SDKROOT = iphoneos;
				SWIFT_ACTIVE_COMPILATION_CONDITIONS = DEBUG;
				SWIFT_OPTIMIZATION_LEVEL = "-Onone";
			};
			name = Debug;
		};
		2D1F469A254DB138007DF81D /* Release */ = {
			isa = XCBuildConfiguration;
			buildSettings = {
				ALWAYS_SEARCH_USER_PATHS = NO;
				CLANG_ANALYZER_NONNULL = YES;
				CLANG_ANALYZER_NUMBER_OBJECT_CONVERSION = YES_AGGRESSIVE;
				CLANG_CXX_LANGUAGE_STANDARD = "gnu++14";
				CLANG_CXX_LIBRARY = "libc++";
				CLANG_ENABLE_MODULES = YES;
				CLANG_ENABLE_OBJC_ARC = YES;
				CLANG_ENABLE_OBJC_WEAK = YES;
				CLANG_WARN_BLOCK_CAPTURE_AUTORELEASING = YES;
				CLANG_WARN_BOOL_CONVERSION = YES;
				CLANG_WARN_COMMA = YES;
				CLANG_WARN_CONSTANT_CONVERSION = YES;
				CLANG_WARN_DEPRECATED_OBJC_IMPLEMENTATIONS = YES;
				CLANG_WARN_DIRECT_OBJC_ISA_USAGE = YES_ERROR;
				CLANG_WARN_DOCUMENTATION_COMMENTS = YES;
				CLANG_WARN_EMPTY_BODY = YES;
				CLANG_WARN_ENUM_CONVERSION = YES;
				CLANG_WARN_INFINITE_RECURSION = YES;
				CLANG_WARN_INT_CONVERSION = YES;
				CLANG_WARN_NON_LITERAL_NULL_CONVERSION = YES;
				CLANG_WARN_OBJC_IMPLICIT_RETAIN_SELF = YES;
				CLANG_WARN_OBJC_LITERAL_CONVERSION = YES;
				CLANG_WARN_OBJC_ROOT_CLASS = YES_ERROR;
				CLANG_WARN_QUOTED_INCLUDE_IN_FRAMEWORK_HEADER = YES;
				CLANG_WARN_RANGE_LOOP_ANALYSIS = YES;
				CLANG_WARN_STRICT_PROTOTYPES = YES;
				CLANG_WARN_SUSPICIOUS_MOVE = YES;
				CLANG_WARN_UNGUARDED_AVAILABILITY = YES_AGGRESSIVE;
				CLANG_WARN_UNREACHABLE_CODE = YES;
				CLANG_WARN__DUPLICATE_METHOD_MATCH = YES;
				COPY_PHASE_STRIP = NO;
				DEBUG_INFORMATION_FORMAT = "dwarf-with-dsym";
				ENABLE_NS_ASSERTIONS = NO;
				ENABLE_STRICT_OBJC_MSGSEND = YES;
				GCC_C_LANGUAGE_STANDARD = gnu11;
				GCC_NO_COMMON_BLOCKS = YES;
				GCC_WARN_64_TO_32_BIT_CONVERSION = YES;
				GCC_WARN_ABOUT_RETURN_TYPE = YES_ERROR;
				GCC_WARN_UNDECLARED_SELECTOR = YES;
				GCC_WARN_UNINITIALIZED_AUTOS = YES_AGGRESSIVE;
				GCC_WARN_UNUSED_FUNCTION = YES;
				GCC_WARN_UNUSED_VARIABLE = YES;
				IPHONEOS_DEPLOYMENT_TARGET = 14.1;
				MTL_ENABLE_DEBUG_INFO = NO;
				MTL_FAST_MATH = YES;
				SDKROOT = iphoneos;
				SWIFT_COMPILATION_MODE = wholemodule;
				SWIFT_OPTIMIZATION_LEVEL = "-O";
				VALIDATE_PRODUCT = YES;
			};
			name = Release;
		};
		2D1F469C254DB138007DF81D /* Debug */ = {
			isa = XCBuildConfiguration;
			baseConfigurationReference = 7632581A14D73360FDECFC3B /* Pods-CoronaProject1.debug.xcconfig */;
			buildSettings = {
				ASSETCATALOG_COMPILER_APPICON_NAME = AppIcon;
				ASSETCATALOG_COMPILER_GLOBAL_ACCENT_COLOR_NAME = AccentColor;
				CODE_SIGN_STYLE = Automatic;
				DEBUG_INFORMATION_FORMAT = "dwarf-with-dsym";
				DEVELOPMENT_TEAM = Z57846K44D;
				INFOPLIST_FILE = CoronaProject1/Info.plist;
				LD_RUNPATH_SEARCH_PATHS = (
					"$(inherited)",
					"@executable_path/Frameworks",
				);
				PRODUCT_BUNDLE_IDENTIFIER = Barney.CoronaProject1;
				PRODUCT_NAME = "$(TARGET_NAME)";
				SWIFT_VERSION = 5.0;
				TARGETED_DEVICE_FAMILY = 1;
			};
			name = Debug;
		};
		2D1F469D254DB138007DF81D /* Release */ = {
			isa = XCBuildConfiguration;
			baseConfigurationReference = 026F1953BD550A6EA018B0D0 /* Pods-CoronaProject1.release.xcconfig */;
			buildSettings = {
				ASSETCATALOG_COMPILER_APPICON_NAME = AppIcon;
				ASSETCATALOG_COMPILER_GLOBAL_ACCENT_COLOR_NAME = AccentColor;
				CODE_SIGN_STYLE = Automatic;
				DEVELOPMENT_TEAM = Z57846K44D;
				INFOPLIST_FILE = CoronaProject1/Info.plist;
				LD_RUNPATH_SEARCH_PATHS = (
					"$(inherited)",
					"@executable_path/Frameworks",
				);
				PRODUCT_BUNDLE_IDENTIFIER = Barney.CoronaProject1;
				PRODUCT_NAME = "$(TARGET_NAME)";
				SWIFT_VERSION = 5.0;
				TARGETED_DEVICE_FAMILY = 1;
			};
			name = Release;
		};
/* End XCBuildConfiguration section */

/* Begin XCConfigurationList section */
		2D1F4682254DB131007DF81D /* Build configuration list for PBXProject "CoronaProject1" */ = {
			isa = XCConfigurationList;
			buildConfigurations = (
				2D1F4699254DB138007DF81D /* Debug */,
				2D1F469A254DB138007DF81D /* Release */,
			);
			defaultConfigurationIsVisible = 0;
			defaultConfigurationName = Release;
		};
		2D1F469B254DB138007DF81D /* Build configuration list for PBXNativeTarget "CoronaProject1" */ = {
			isa = XCConfigurationList;
			buildConfigurations = (
				2D1F469C254DB138007DF81D /* Debug */,
				2D1F469D254DB138007DF81D /* Release */,
			);
			defaultConfigurationIsVisible = 0;
			defaultConfigurationName = Release;
		};
/* End XCConfigurationList section */
	};
	rootObject = 2D1F467F254DB131007DF81D /* Project object */;
}
